
Microsoft Visual Studio Solution File, Format Version 12.00
# Visual Studio Version 17
VisualStudioVersion = 17.6.33829.357
MinimumVisualStudioVersion = 10.0.40219.1
Project("{FAE04EC0-301F-11D3-BF4B-00C04F79EFBC}") = "Snake", "Snake\Snake.csproj", "{F809D3F5-894E-44CD-896B-2A9D2109F5C9}"
EndProject
Global
	GlobalSection(SolutionConfigurationPlatforms) = preSolution
		Debug|Any CPU = Debug|Any CPU
		Release|Any CPU = Release|Any CPU
	EndGlobalSection
	GlobalSection(ProjectConfigurationPlatforms) = postSolution
		{F809D3F5-894E-44CD-896B-2A9D2109F5C9}.Debug|Any CPU.ActiveCfg = Debug|Any CPU
		{F809D3F5-894E-44CD-896B-2A9D2109F5C9}.Debug|Any CPU.Build.0 = Debug|Any CPU
		{F809D3F5-894E-44CD-896B-2A9D2109F5C9}.Release|Any CPU.ActiveCfg = Release|Any CPU
		{F809D3F5-894E-44CD-896B-2A9D2109F5C9}.Release|Any CPU.Build.0 = Release|Any CPU
	EndGlobalSection
	GlobalSection(SolutionProperties) = preSolution
		HideSolutionNode = FALSE
	EndGlobalSection
	GlobalSection(ExtensibilityGlobals) = postSolution
		SolutionGuid = {76E01E85-3BB0-482C-8F8B-E42A95A01F95}
	EndGlobalSection
EndGlobal
